{
    "_readme": [
        "This file locks the dependencies of your project to a known state",
        "Read more about it at https://getcomposer.org/doc/01-basic-usage.md#installing-dependencies",
        "This file is @generated automatically"
    ],
    "content-hash": "ef7f8443272c2403ca854120dacff8cc",
    "packages": [
        {
            "name": "bramus/router",
            "version": "1.6.1",
            "source": {
                "type": "git",
                "url": "https://github.com/bramus/router.git",
                "reference": "55657b76da8a0a509250fb55b9dd24e1aa237eba"
            },
            "dist": {
                "type": "zip",
                "url": "https://api.github.com/repos/bramus/router/zipball/55657b76da8a0a509250fb55b9dd24e1aa237eba",
                "reference": "55657b76da8a0a509250fb55b9dd24e1aa237eba",
                "shasum": ""
            },
            "require": {
                "php": ">=5.3.0"
            },
            "require-dev": {
                "friendsofphp/php-cs-fixer": "~2.14",
                "phpunit/php-code-coverage": "~2.0",
                "phpunit/phpunit": "~4.8"
            },
            "type": "library",
            "autoload": {
                "psr-0": {
                    "Bramus": "src/"
                }
            },
            "notification-url": "https://packagist.org/downloads/",
            "license": [
                "MIT"
            ],
            "authors": [
                {
                    "name": "Bram(us) Van Damme",
                    "email": "bramus@bram.us",
                    "homepage": "http://www.bram.us"
                }
            ],
            "description": "A lightweight and simple object oriented PHP Router",
            "homepage": "https://github.com/bramus/router",
            "keywords": [
                "router",
                "routing"
            ],
            "support": {
                "issues": "https://github.com/bramus/router/issues",
                "source": "https://github.com/bramus/router/tree/1.6.1"
            },
            "time": "2021-11-18T19:24:07+00:00"
        },
        {
            "name": "teamtnt/tntsearch",
            "version": "v3.1.0",
            "source": {
                "type": "git",
                "url": "https://github.com/teamtnt/tntsearch.git",
                "reference": "161d3368ac38c042b42f4002eda3b4698ccd3ca6"
            },
            "dist": {
                "type": "zip",
                "url": "https://api.github.com/repos/teamtnt/tntsearch/zipball/161d3368ac38c042b42f4002eda3b4698ccd3ca6",
                "reference": "161d3368ac38c042b42f4002eda3b4698ccd3ca6",
                "shasum": ""
            },
            "require": {
                "ext-mbstring": "*",
                "ext-pdo_sqlite": "*",
                "ext-sqlite3": "*",
                "php": "~7.1|^8"
            },
            "require-dev": {
                "phpunit/phpunit": "7.*|8.*|9.*",
                "symfony/var-dumper": "^4|^5.2"
            },
            "type": "library",
            "autoload": {
                "files": [
                    "helper/helpers.php"
                ],
                "psr-4": {
                    "TeamTNT\\TNTSearch\\": "src"
                }
            },
            "notification-url": "https://packagist.org/downloads/",
            "license": [
                "MIT"
            ],
            "authors": [
                {
                    "name": "Nenad Tičarić",
                    "email": "nticaric@gmail.com",
                    "homepage": "http://www.tntstudio.us",
                    "role": "Developer"
                }
            ],
            "description": "A fully featured full text search engine written in PHP",
            "homepage": "https://github.com/teamtnt/tntsearch",
            "keywords": [
                "Fuzzy search",
                "bm25",
                "fulltext",
                "geosearch",
                "search",
                "stemming",
                "teamtnt",
                "text classification",
                "tntsearch"
            ],
            "support": {
                "issues": "https://github.com/teamtnt/tntsearch/issues",
                "source": "https://github.com/teamtnt/tntsearch/tree/v3.1.0"
            },
            "funding": [
                {
                    "url": "https://ko-fi.com/nticaric",
                    "type": "ko_fi"
                },
                {
                    "url": "https://opencollective.com/tntsearch",
                    "type": "open_collective"
                },
                {
                    "url": "https://www.patreon.com/nticaric",
                    "type": "patreon"
                }
            ],
            "time": "2023-02-16T07:12:52+00:00"
        }
    ],
    "packages-dev": [],
    "aliases": [],
    "minimum-stability": "stable",
    "stability-flags": [],
    "prefer-stable": false,
    "prefer-lowest": false,
    "platform": [],
    "platform-dev": [],
    "plugin-api-version": "2.0.0"
}
